
Microsoft Visual Studio Solution File, Format Version 12.00
# Visual Studio Version 17
VisualStudioVersion = 17.8.34511.84
MinimumVisualStudioVersion = 10.0.40219.1
Project("{9A19103F-16F7-4668-BE54-9A1E7A4F7556}") = "SoftUniPB_Tests", "HelloWorld2\SoftUniPB_Tests.csproj", "{9759B060-4339-4172-B2C2-E99A6489802D}"
EndProject
Global
	GlobalSection(SolutionConfigurationPlatforms) = preSolution
		Debug|Any CPU = Debug|Any CPU
		Release|Any CPU = Release|Any CPU
	EndGlobalSection
	GlobalSection(ProjectConfigurationPlatforms) = postSolution
		{9759B060-4339-4172-B2C2-E99A6489802D}.Debug|Any CPU.ActiveCfg = Debug|Any CPU
		{9759B060-4339-4172-B2C2-E99A6489802D}.Debug|Any CPU.Build.0 = Debug|Any CPU
		{9759B060-4339-4172-B2C2-E99A6489802D}.Release|Any CPU.ActiveCfg = Release|Any CPU
		{9759B060-4339-4172-B2C2-E99A6489802D}.Release|Any CPU.Build.0 = Release|Any CPU
	EndGlobalSection
	GlobalSection(SolutionProperties) = preSolution
		HideSolutionNode = FALSE
	EndGlobalSection
	GlobalSection(ExtensibilityGlobals) = postSolution
		SolutionGuid = {C7CF23F8-E4E4-48FE-8A9B-B5FE0BAE0BC9}
	EndGlobalSection
EndGlobal
